
Microsoft Visual Studio Solution File, Format Version 12.00
# Visual Studio 15
VisualStudioVersion = 15.0.27428.2037
MinimumVisualStudioVersion = 10.0.40219.1
Project("{9A19103F-16F7-4668-BE54-9A1E7A4F7556}") = "KudaBot-bfnet", "KudaBot-bfnet.csproj", "{2F05C3AC-DEA2-4841-918F-054E3C10AC7F}"
EndProject
Global
	GlobalSection(SolutionConfigurationPlatforms) = preSolution
		Debug|Any CPU = Debug|Any CPU
		Release|Any CPU = Release|Any CPU
	EndGlobalSection
	GlobalSection(ProjectConfigurationPlatforms) = postSolution
		{2F05C3AC-DEA2-4841-918F-054E3C10AC7F}.Debug|Any CPU.ActiveCfg = Debug|Any CPU
		{2F05C3AC-DEA2-4841-918F-054E3C10AC7F}.Debug|Any CPU.Build.0 = Debug|Any CPU
		{2F05C3AC-DEA2-4841-918F-054E3C10AC7F}.Release|Any CPU.ActiveCfg = Release|Any CPU
		{2F05C3AC-DEA2-4841-918F-054E3C10AC7F}.Release|Any CPU.Build.0 = Release|Any CPU
	EndGlobalSection
	GlobalSection(SolutionProperties) = preSolution
		HideSolutionNode = FALSE
	EndGlobalSection
	GlobalSection(ExtensibilityGlobals) = postSolution
		SolutionGuid = {EF93C421-00EB-4063-9492-1F6EDF526D03}
	EndGlobalSection
EndGlobal
